
Microsoft Visual Studio Solution File, Format Version 12.00
# Visual Studio 2015
Project("{FAE04EC0-301F-11D3-BF4B-00C04F79EFBC}") = "The Walk in the Dark", "The Walk in the Dark.csproj", "{7583C8D4-8F1B-CEB4-5AEF-7768D9C14200}"
EndProject
Global
	GlobalSection(SolutionConfigurationPlatforms) = preSolution
		Debug|Any CPU = Debug|Any CPU
		Release|Any CPU = Release|Any CPU
	EndGlobalSection
	GlobalSection(ProjectConfigurationPlatforms) = postSolution
		{7583C8D4-8F1B-CEB4-5AEF-7768D9C14200}.Debug|Any CPU.ActiveCfg = Debug|Any CPU
		{7583C8D4-8F1B-CEB4-5AEF-7768D9C14200}.Debug|Any CPU.Build.0 = Debug|Any CPU
		{7583C8D4-8F1B-CEB4-5AEF-7768D9C14200}.Release|Any CPU.ActiveCfg = Release|Any CPU
		{7583C8D4-8F1B-CEB4-5AEF-7768D9C14200}.Release|Any CPU.Build.0 = Release|Any CPU
	EndGlobalSection
	GlobalSection(SolutionProperties) = preSolution
		HideSolutionNode = FALSE
	EndGlobalSection
EndGlobal
